
Microsoft Visual Studio Solution File, Format Version 12.00
# Visual Studio Version 18
VisualStudioVersion = 18.4.11605.240 stable
MinimumVisualStudioVersion = 10.0.40219.1
Project("{FAE04EC0-301F-11D3-BF4B-00C04F79EFBC}") = "CrudStudy", "CrudStudy.csproj", "{AFE3477E-4BA9-C434-3BED-D1C0FCF85E6C}"
EndProject
Global
	GlobalSection(SolutionConfigurationPlatforms) = preSolution
		Debug|Any CPU = Debug|Any CPU
		Release|Any CPU = Release|Any CPU
	EndGlobalSection
	GlobalSection(ProjectConfigurationPlatforms) = postSolution
		{AFE3477E-4BA9-C434-3BED-D1C0FCF85E6C}.Debug|Any CPU.ActiveCfg = Debug|Any CPU
		{AFE3477E-4BA9-C434-3BED-D1C0FCF85E6C}.Debug|Any CPU.Build.0 = Debug|Any CPU
		{AFE3477E-4BA9-C434-3BED-D1C0FCF85E6C}.Release|Any CPU.ActiveCfg = Release|Any CPU
		{AFE3477E-4BA9-C434-3BED-D1C0FCF85E6C}.Release|Any CPU.Build.0 = Release|Any CPU
	EndGlobalSection
	GlobalSection(SolutionProperties) = preSolution
		HideSolutionNode = FALSE
	EndGlobalSection
	GlobalSection(ExtensibilityGlobals) = postSolution
		SolutionGuid = {6842EF0A-C9BD-4FC7-804C-636A58B0FD78}
	EndGlobalSection
EndGlobal
